
Microsoft Visual Studio Solution File, Format Version 12.00
# Visual Studio 15
VisualStudioVersion = 15.0.28307.168
MinimumVisualStudioVersion = 10.0.40219.1
Project("{FAE04EC0-301F-11D3-BF4B-00C04F79EFBC}") = "AWSS3FileProvider", "AWSS3FileProvider\AWSS3FileProvider.csproj", "{22F8733F-F0A4-4644-A327-B9296390EB09}"
EndProject
Global
	GlobalSection(SolutionConfigurationPlatforms) = preSolution
		Debug|Any CPU = Debug|Any CPU
		Release|Any CPU = Release|Any CPU
	EndGlobalSection
	GlobalSection(ProjectConfigurationPlatforms) = postSolution
		{22F8733F-F0A4-4644-A327-B9296390EB09}.Debug|Any CPU.ActiveCfg = Debug|Any CPU
		{22F8733F-F0A4-4644-A327-B9296390EB09}.Debug|Any CPU.Build.0 = Debug|Any CPU
		{22F8733F-F0A4-4644-A327-B9296390EB09}.Release|Any CPU.ActiveCfg = Release|Any CPU
		{22F8733F-F0A4-4644-A327-B9296390EB09}.Release|Any CPU.Build.0 = Release|Any CPU
	EndGlobalSection
	GlobalSection(SolutionProperties) = preSolution
		HideSolutionNode = FALSE
	EndGlobalSection
	GlobalSection(ExtensibilityGlobals) = postSolution
		SolutionGuid = {4C3D0654-4D47-42FE-9EB9-9C15D6264128}
	EndGlobalSection
EndGlobal
